
Microsoft Visual Studio Solution File, Format Version 12.00
# Visual Studio Version 16
VisualStudioVersion = 16.0.29728.190
MinimumVisualStudioVersion = 10.0.40219.1
Project("{FAE04EC0-301F-11D3-BF4B-00C04F79EFBC}") = "Air Heater Black Box Model", "Air Heater Black Box Model.csproj", "{39C77954-67BE-4FD6-992B-3B55434D478F}"
EndProject
Global
	GlobalSection(SolutionConfigurationPlatforms) = preSolution
		Debug|Any CPU = Debug|Any CPU
		Release|Any CPU = Release|Any CPU
	EndGlobalSection
	GlobalSection(ProjectConfigurationPlatforms) = postSolution
		{39C77954-67BE-4FD6-992B-3B55434D478F}.Debug|Any CPU.ActiveCfg = Debug|Any CPU
		{39C77954-67BE-4FD6-992B-3B55434D478F}.Debug|Any CPU.Build.0 = Debug|Any CPU
		{39C77954-67BE-4FD6-992B-3B55434D478F}.Release|Any CPU.ActiveCfg = Release|Any CPU
		{39C77954-67BE-4FD6-992B-3B55434D478F}.Release|Any CPU.Build.0 = Release|Any CPU
	EndGlobalSection
	GlobalSection(SolutionProperties) = preSolution
		HideSolutionNode = FALSE
	EndGlobalSection
	GlobalSection(ExtensibilityGlobals) = postSolution
		SolutionGuid = {C752FC35-2CD7-4764-A7E9-B06E6DAFDCCA}
	EndGlobalSection
EndGlobal
